
Microsoft Visual Studio Solution File, Format Version 12.00
# Visual Studio Version 16
VisualStudioVersion = 16.0.29920.165
MinimumVisualStudioVersion = 10.0.40219.1
Project("{FAE04EC0-301F-11D3-BF4B-00C04F79EFBC}") = "Практика 3", "Практика 3.csproj", "{F14C3D9C-9D11-4C93-A8F6-7835B97EE19E}"
EndProject
Global
	GlobalSection(SolutionConfigurationPlatforms) = preSolution
		Debug|Any CPU = Debug|Any CPU
		Release|Any CPU = Release|Any CPU
	EndGlobalSection
	GlobalSection(ProjectConfigurationPlatforms) = postSolution
		{F14C3D9C-9D11-4C93-A8F6-7835B97EE19E}.Debug|Any CPU.ActiveCfg = Debug|Any CPU
		{F14C3D9C-9D11-4C93-A8F6-7835B97EE19E}.Debug|Any CPU.Build.0 = Debug|Any CPU
		{F14C3D9C-9D11-4C93-A8F6-7835B97EE19E}.Release|Any CPU.ActiveCfg = Release|Any CPU
		{F14C3D9C-9D11-4C93-A8F6-7835B97EE19E}.Release|Any CPU.Build.0 = Release|Any CPU
	EndGlobalSection
	GlobalSection(SolutionProperties) = preSolution
		HideSolutionNode = FALSE
	EndGlobalSection
	GlobalSection(ExtensibilityGlobals) = postSolution
		SolutionGuid = {4CCC20BF-A52B-4134-8CA0-428A13456E1A}
	EndGlobalSection
EndGlobal
